{"cliVersion":"0.20.0","projectHash":"12fc7ffc9ba808af0efc189895f2c5fdad84e24c","sourceFilePaths":[{"path":"\/Users\/lenardpop\/Development\/PlayWorld\/PlayWorldTests\/PlayWorldTests.swift","hash":"3b4b5aed97a6737ca595230ad45fe90e2e0cca8d"}],"productModuleName":"PlayWorldTests","dependencies":[],"sourceRoot":"\/Users\/lenardpop\/Development\/PlayWorld","mockedTypeNames":["\/Users\/lenardpop\/Development\/PlayWorld\/PlayWorldTests\/PlayWorldTests.swift",[]],"name":"PlayWorldTests"}