{"outputHash":"a2e12c8f4fc5db553c2ffce6ed1e38ab659ccf98","sourceRoot":"\/Users\/lenardpop\/Development\/PlayWorld","mockedTypesHash":"da39a3ee5e6b4b0d3255bfef95601890afd80709","supportingFilePaths":[],"productModuleName":"PlayWorld","dependencyPathsHash":"da39a3ee5e6b4b0d3255bfef95601890afd80709","dependencies":[],"configHash":"ca075330cbf595423ee7640ab6e0c967a0593bee","sourceFilePaths":[{"path":"\/Users\/lenardpop\/Development\/PlayWorld\/PlayWorld\/ContentView.swift","hash":"f32ed9b0b0b0288196bdd6ab6491243e0c190306"},{"path":"\/Users\/lenardpop\/Development\/PlayWorld\/PlayWorld\/PlayWorldApp.swift","hash":"deab9d81431cefcbe715a68ccc4ad0abf8fbc311"},{"path":"\/Users\/lenardpop\/Development\/PlayWorld\/PlayWorld\/TestProtocol.swift","hash":"78d42888dd9ce40a70641e276de5ba304ed706be"},{"hash":"27dfc37e3ba0600658dc3193e9b29be4bfb3148c","path":"\/Users\/lenardpop\/Development\/PlayWorld\/PlayWorld\/TestViewModel.swift"}],"cliVersion":"0.20.0","projectHash":"12fc7ffc9ba808af0efc189895f2c5fdad84e24c","name":"PlayWorld","targetPathsHash":"d20891562c36a3128ee39a93c7461e545635b89c"}